
Microsoft Visual Studio Solution File, Format Version 12.00
Project("{FAE04EC0-301F-11D3-BF4B-00C04F79EFBC}") = "SocNet.Api", "SocNet.Api\SocNet.Api.csproj", "{C9F31A8A-7973-4758-974C-1C6DA8EB591F}"
EndProject
Project("{2150E333-8FDC-42A3-9474-1A3956D46DE8}") = "Solution Items", "Solution Items", "{B0E4B926-1EBA-42D2-B363-F5DEE2A5BC0C}"
	ProjectSection(SolutionItems) = preProject
		compose.yaml = compose.yaml
	EndProjectSection
EndProject
Global
	GlobalSection(SolutionConfigurationPlatforms) = preSolution
		Debug|Any CPU = Debug|Any CPU
		Release|Any CPU = Release|Any CPU
	EndGlobalSection
	GlobalSection(ProjectConfigurationPlatforms) = postSolution
		{C9F31A8A-7973-4758-974C-1C6DA8EB591F}.Debug|Any CPU.ActiveCfg = Debug|Any CPU
		{C9F31A8A-7973-4758-974C-1C6DA8EB591F}.Debug|Any CPU.Build.0 = Debug|Any CPU
		{C9F31A8A-7973-4758-974C-1C6DA8EB591F}.Release|Any CPU.ActiveCfg = Release|Any CPU
		{C9F31A8A-7973-4758-974C-1C6DA8EB591F}.Release|Any CPU.Build.0 = Release|Any CPU
	EndGlobalSection
EndGlobal
